
Microsoft Visual Studio Solution File, Format Version 12.00
# Visual Studio 2012
Project("{A0786B88-2ADB-4C21-ABE8-AA2D79766269}") = "WebSiteVanas", "WebSiteVanas.phpproj", "{F812E6B1-97A3-4F97-B52A-B3B38C03177E}"
EndProject
Global
	GlobalSection(SolutionConfigurationPlatforms) = preSolution
		Debug|Any CPU = Debug|Any CPU
		Release|Any CPU = Release|Any CPU
	EndGlobalSection
	GlobalSection(ProjectConfigurationPlatforms) = postSolution
		{F812E6B1-97A3-4F97-B52A-B3B38C03177E}.Debug|Any CPU.ActiveCfg = Debug|Any CPU
		{F812E6B1-97A3-4F97-B52A-B3B38C03177E}.Release|Any CPU.ActiveCfg = Release|Any CPU
	EndGlobalSection
	GlobalSection(SolutionProperties) = preSolution
		HideSolutionNode = FALSE
	EndGlobalSection
EndGlobal
